// !$*UTF8*$!
{
	archiveVersion = 1;
	classes = {
	};
	objectVersion = 46;
	objects = {

/* Begin PBXBuildFile section */
		2FF673AE1AAE9B6B0030A53F /* main.m in Sources */ = {isa = PBXBuildFile; fileRef = 2FF673AD1AAE9B6B0030A53F /* main.m */; };
		2FF673B11AAE9B6B0030A53F /* AppDelegate.m in Sources */ = {isa = PBXBuildFile; fileRef = 2FF673B01AAE9B6B0030A53F /* AppDelegate.m */; };
		2FF673B41AAE9B6B0030A53F /* AlarmClockWithWeather.xcdatamodeld in Sources */ = {isa = PBXBuildFile; fileRef = 2FF673B21AAE9B6B0030A53F /* AlarmClockWithWeather.xcdatamodeld */; };
		2FF673B71AAE9B6B0030A53F /* ViewController.m in Sources */ = {isa = PBXBuildFile; fileRef = 2FF673B61AAE9B6B0030A53F /* ViewController.m */; };
		2FF673BA1AAE9B6B0030A53F /* Main.storyboard in Resources */ = {isa = PBXBuildFile; fileRef = 2FF673B81AAE9B6B0030A53F /* Main.storyboard */; };
		2FF673BC1AAE9B6B0030A53F /* Images.xcassets in Resources */ = {isa = PBXBuildFile; fileRef = 2FF673BB1AAE9B6B0030A53F /* Images.xcassets */; };
		2FF673BF1AAE9B6B0030A53F /* LaunchScreen.xib in Resources */ = {isa = PBXBuildFile; fileRef = 2FF673BD1AAE9B6B0030A53F /* LaunchScreen.xib */; };
		2FF673CB1AAE9B6B0030A53F /* AlarmClockWithWeatherTests.m in Sources */ = {isa = PBXBuildFile; fileRef = 2FF673CA1AAE9B6B0030A53F /* AlarmClockWithWeatherTests.m */; };
/* End PBXBuildFile section */

/* Begin PBXContainerItemProxy section */
		2FF673C51AAE9B6B0030A53F /* PBXContainerItemProxy */ = {
			isa = PBXContainerItemProxy;
			containerPortal = 2FF673A01AAE9B6B0030A53F /* Project object */;
			proxyType = 1;
			remoteGlobalIDString = 2FF673A71AAE9B6B0030A53F;
			remoteInfo = AlarmClockWithWeather;
		};
/* End PBXContainerItemProxy section */

/* Begin PBXFileReference section */
		2FF673A81AAE9B6B0030A53F /* AlarmClockWithWeather.app */ = {isa = PBXFileReference; explicitFileType = wrapper.application; includeInIndex = 0; path = AlarmClockWithWeather.app; sourceTree = BUILT_PRODUCTS_DIR; };
		2FF673AC1AAE9B6B0030A53F /* Info.plist */ = {isa = PBXFileReference; lastKnownFileType = text.plist.xml; path = Info.plist; sourceTree = "<group>"; };
		2FF673AD1AAE9B6B0030A53F /* main.m */ = {isa = PBXFileReference; lastKnownFileType = sourcecode.c.objc; path = main.m; sourceTree = "<group>"; };
		2FF673AF1AAE9B6B0030A53F /* AppDelegate.h */ = {isa = PBXFileReference; lastKnownFileType = sourcecode.c.h; path = AppDelegate.h; sourceTree = "<group>"; };
		2FF673B01AAE9B6B0030A53F /* AppDelegate.m */ = {isa = PBXFileReference; lastKnownFileType = sourcecode.c.objc; path = AppDelegate.m; sourceTree = "<group>"; };
		2FF673B31AAE9B6B0030A53F /* AlarmClockWithWeather.xcdatamodel */ = {isa = PBXFileReference; lastKnownFileType = wrapper.xcdatamodel; path = AlarmClockWithWeather.xcdatamodel; sourceTree = "<group>"; };
		2FF673B51AAE9B6B0030A53F /* ViewController.h */ = {isa = PBXFileReference; lastKnownFileType = sourcecode.c.h; path = ViewController.h; sourceTree = "<group>"; };
		2FF673B61AAE9B6B0030A53F /* ViewController.m */ = {isa = PBXFileReference; lastKnownFileType = sourcecode.c.objc; path = ViewController.m; sourceTree = "<group>"; };
		2FF673B91AAE9B6B0030A53F /* Base */ = {isa = PBXFileReference; lastKnownFileType = file.storyboard; name = Base; path = Base.lproj/Main.storyboard; sourceTree = "<group>"; };
		2FF673BB1AAE9B6B0030A53F /* Images.xcassets */ = {isa = PBXFileReference; lastKnownFileType = folder.assetcatalog; path = Images.xcassets; sourceTree = "<group>"; };
		2FF673BE1AAE9B6B0030A53F /* Base */ = {isa = PBXFileReference; lastKnownFileType = file.xib; name = Base; path = Base.lproj/LaunchScreen.xib; sourceTree = "<group>"; };
		2FF673C41AAE9B6B0030A53F /* AlarmClockWithWeatherTests.xctest */ = {isa = PBXFileReference; explicitFileType = wrapper.cfbundle; includeInIndex = 0; path = AlarmClockWithWeatherTests.xctest; sourceTree = BUILT_PRODUCTS_DIR; };
		2FF673C91AAE9B6B0030A53F /* Info.plist */ = {isa = PBXFileReference; lastKnownFileType = text.plist.xml; path = Info.plist; sourceTree = "<group>"; };
		2FF673CA1AAE9B6B0030A53F /* AlarmClockWithWeatherTests.m */ = {isa = PBXFileReference; lastKnownFileType = sourcecode.c.objc; path = AlarmClockWithWeatherTests.m; sourceTree = "<group>"; };
/* End PBXFileReference section */

/* Begin PBXFrameworksBuildPhase section */
		2FF673A51AAE9B6B0030A53F /* Frameworks */ = {
			isa = PBXFrameworksBuildPhase;
			buildActionMask = 2147483647;
			files = (
			);
			runOnlyForDeploymentPostprocessing = 0;
		};
		2FF673C11AAE9B6B0030A53F /* Frameworks */ = {
			isa = PBXFrameworksBuildPhase;
			buildActionMask = 2147483647;
			files = (
			);
			runOnlyForDeploymentPostprocessing = 0;
		};
/* End PBXFrameworksBuildPhase section */

/* Begin PBXGroup section */
		2FF6739F1AAE9B6B0030A53F = {
			isa = PBXGroup;
			children = (
				2FF673AA1AAE9B6B0030A53F /* AlarmClockWithWeather */,
				2FF673C71AAE9B6B0030A53F /* AlarmClockWithWeatherTests */,
				2FF673A91AAE9B6B0030A53F /* Products */,
			);
			sourceTree = "<group>";
		};
		2FF673A91AAE9B6B0030A53F /* Products */ = {
			isa = PBXGroup;
			children = (
				2FF673A81AAE9B6B0030A53F /* AlarmClockWithWeather.app */,
				2FF673C41AAE9B6B0030A53F /* AlarmClockWithWeatherTests.xctest */,
			);
			name = Products;
			sourceTree = "<group>";
		};
		2FF673AA1AAE9B6B0030A53F /* AlarmClockWithWeather */ = {
			isa = PBXGroup;
			children = (
				2FF673AF1AAE9B6B0030A53F /* AppDelegate.h */,
				2FF673B01AAE9B6B0030A53F /* AppDelegate.m */,
				2FF673B51AAE9B6B0030A53F /* ViewController.h */,
				2FF673B61AAE9B6B0030A53F /* ViewController.m */,
				2FF673B81AAE9B6B0030A53F /* Main.storyboard */,
				2FF673BB1AAE9B6B0030A53F /* Images.xcassets */,
				2FF673BD1AAE9B6B0030A53F /* LaunchScreen.xib */,
				2FF673B21AAE9B6B0030A53F /* AlarmClockWithWeather.xcdatamodeld */,
				2FF673AB1AAE9B6B0030A53F /* Supporting Files */,
			);
			path = AlarmClockWithWeather;
			sourceTree = "<group>";
		};
		2FF673AB1AAE9B6B0030A53F /* Supporting Files */ = {
			isa = PBXGroup;
			children = (
				2FF673AC1AAE9B6B0030A53F /* Info.plist */,
				2FF673AD1AAE9B6B0030A53F /* main.m */,
			);
			name = "Supporting Files";
			sourceTree = "<group>";
		};
		2FF673C71AAE9B6B0030A53F /* AlarmClockWithWeatherTests */ = {
			isa = PBXGroup;
			children = (
				2FF673CA1AAE9B6B0030A53F /* AlarmClockWithWeatherTests.m */,
				2FF673C81AAE9B6B0030A53F /* Supporting Files */,
			);
			path = AlarmClockWithWeatherTests;
			sourceTree = "<group>";
		};
		2FF673C81AAE9B6B0030A53F /* Supporting Files */ = {
			isa = PBXGroup;
			children = (
				2FF673C91AAE9B6B0030A53F /* Info.plist */,
			);
			name = "Supporting Files";
			sourceTree = "<group>";
		};
/* End PBXGroup section */

/* Begin PBXNativeTarget section */
		2FF673A71AAE9B6B0030A53F /* AlarmClockWithWeather */ = {
			isa = PBXNativeTarget;
			buildConfigurationList = 2FF673CE1AAE9B6B0030A53F /* Build configuration list for PBXNativeTarget "AlarmClockWithWeather" */;
			buildPhases = (
				2FF673A41AAE9B6B0030A53F /* Sources */,
				2FF673A51AAE9B6B0030A53F /* Frameworks */,
				2FF673A61AAE9B6B0030A53F /* Resources */,
			);
			buildRules = (
			);
			dependencies = (
			);
			name = AlarmClockWithWeather;
			productName = AlarmClockWithWeather;
			productReference = 2FF673A81AAE9B6B0030A53F /* AlarmClockWithWeather.app */;
			productType = "com.apple.product-type.application";
		};
		2FF673C31AAE9B6B0030A53F /* AlarmClockWithWeatherTests */ = {
			isa = PBXNativeTarget;
			buildConfigurationList = 2FF673D11AAE9B6B0030A53F /* Build configuration list for PBXNativeTarget "AlarmClockWithWeatherTests" */;
			buildPhases = (
				2FF673C01AAE9B6B0030A53F /* Sources */,
				2FF673C11AAE9B6B0030A53F /* Frameworks */,
				2FF673C21AAE9B6B0030A53F /* Resources */,
			);
			buildRules = (
			);
			dependencies = (
				2FF673C61AAE9B6B0030A53F /* PBXTargetDependency */,
			);
			name = AlarmClockWithWeatherTests;
			productName = AlarmClockWithWeatherTests;
			productReference = 2FF673C41AAE9B6B0030A53F /* AlarmClockWithWeatherTests.xctest */;
			productType = "com.apple.product-type.bundle.unit-test";
		};
/* End PBXNativeTarget section */

/* Begin PBXProject section */
		2FF673A01AAE9B6B0030A53F /* Project object */ = {
			isa = PBXProject;
			attributes = {
				LastUpgradeCheck = 0610;
				ORGANIZATIONNAME = "Bhavin Shah";
				TargetAttributes = {
					2FF673A71AAE9B6B0030A53F = {
						CreatedOnToolsVersion = 6.1.1;
					};
					2FF673C31AAE9B6B0030A53F = {
						CreatedOnToolsVersion = 6.1.1;
						TestTargetID = 2FF673A71AAE9B6B0030A53F;
					};
				};
			};
			buildConfigurationList = 2FF673A31AAE9B6B0030A53F /* Build configuration list for PBXProject "AlarmClockWithWeather" */;
			compatibilityVersion = "Xcode 3.2";
			developmentRegion = English;
			hasScannedForEncodings = 0;
			knownRegions = (
				en,
				Base,
			);
			mainGroup = 2FF6739F1AAE9B6B0030A53F;
			productRefGroup = 2FF673A91AAE9B6B0030A53F /* Products */;
			projectDirPath = "";
			projectRoot = "";
			targets = (
				2FF673A71AAE9B6B0030A53F /* AlarmClockWithWeather */,
				2FF673C31AAE9B6B0030A53F /* AlarmClockWithWeatherTests */,
			);
		};
/* End PBXProject section */

/* Begin PBXResourcesBuildPhase section */
		2FF673A61AAE9B6B0030A53F /* Resources */ = {
			isa = PBXResourcesBuildPhase;
			buildActionMask = 2147483647;
			files = (
				2FF673BA1AAE9B6B0030A53F /* Main.storyboard in Resources */,
				2FF673BF1AAE9B6B0030A53F /* LaunchScreen.xib in Resources */,
				2FF673BC1AAE9B6B0030A53F /* Images.xcassets in Resources */,
			);
			runOnlyForDeploymentPostprocessing = 0;
		};
		2FF673C21AAE9B6B0030A53F /* Resources */ = {
			isa = PBXResourcesBuildPhase;
			buildActionMask = 2147483647;
			files = (
			);
			runOnlyForDeploymentPostprocessing = 0;
		};
/* End PBXResourcesBuildPhase section */

/* Begin PBXSourcesBuildPhase section */
		2FF673A41AAE9B6B0030A53F /* Sources */ = {
			isa = PBXSourcesBuildPhase;
			buildActionMask = 2147483647;
			files = (
				2FF673B11AAE9B6B0030A53F /* AppDelegate.m in Sources */,
				2FF673B41AAE9B6B0030A53F /* AlarmClockWithWeather.xcdatamodeld in Sources */,
				2FF673B71AAE9B6B0030A53F /* ViewController.m in Sources */,
				2FF673AE1AAE9B6B0030A53F /* main.m in Sources */,
			);
			runOnlyForDeploymentPostprocessing = 0;
		};
		2FF673C01AAE9B6B0030A53F /* Sources */ = {
			isa = PBXSourcesBuildPhase;
			buildActionMask = 2147483647;
			files = (
				2FF673CB1AAE9B6B0030A53F /* AlarmClockWithWeatherTests.m in Sources */,
			);
			runOnlyForDeploymentPostprocessing = 0;
		};
/* End PBXSourcesBuildPhase section */

/* Begin PBXTargetDependency section */
		2FF673C61AAE9B6B0030A53F /* PBXTargetDependency */ = {
			isa = PBXTargetDependency;
			target = 2FF673A71AAE9B6B0030A53F /* AlarmClockWithWeather */;
			targetProxy = 2FF673C51AAE9B6B0030A53F /* PBXContainerItemProxy */;
		};
/* End PBXTargetDependency section */

/* Begin PBXVariantGroup section */
		2FF673B81AAE9B6B0030A53F /* Main.storyboard */ = {
			isa = PBXVariantGroup;
			children = (
				2FF673B91AAE9B6B0030A53F /* Base */,
			);
			name = Main.storyboard;
			sourceTree = "<group>";
		};
		2FF673BD1AAE9B6B0030A53F /* LaunchScreen.xib */ = {
			isa = PBXVariantGroup;
			children = (
				2FF673BE1AAE9B6B0030A53F /* Base */,
			);
			name = LaunchScreen.xib;
			sourceTree = "<group>";
		};
/* End PBXVariantGroup section */

/* Begin XCBuildConfiguration section */
		2FF673CC1AAE9B6B0030A53F /* Debug */ = {
			isa = XCBuildConfiguration;
			buildSettings = {
				ALWAYS_SEARCH_USER_PATHS = NO;
				CLANG_CXX_LANGUAGE_STANDARD = "gnu++0x";
				CLANG_CXX_LIBRARY = "libc++";
				CLANG_ENABLE_MODULES = YES;
				CLANG_ENABLE_OBJC_ARC = YES;
				CLANG_WARN_BOOL_CONVERSION = YES;
				CLANG_WARN_CONSTANT_CONVERSION = YES;
				CLANG_WARN_DIRECT_OBJC_ISA_USAGE = YES_ERROR;
				CLANG_WARN_EMPTY_BODY = YES;
				CLANG_WARN_ENUM_CONVERSION = YES;
				CLANG_WARN_INT_CONVERSION = YES;
				CLANG_WARN_OBJC_ROOT_CLASS = YES_ERROR;
				CLANG_WARN_UNREACHABLE_CODE = YES;
				CLANG_WARN__DUPLICATE_METHOD_MATCH = YES;
				"CODE_SIGN_IDENTITY[sdk=iphoneos*]" = "iPhone Developer";
				COPY_PHASE_STRIP = NO;
				ENABLE_STRICT_OBJC_MSGSEND = YES;
				GCC_C_LANGUAGE_STANDARD = gnu99;
				GCC_DYNAMIC_NO_PIC = NO;
				GCC_OPTIMIZATION_LEVEL = 0;
				GCC_PREPROCESSOR_DEFINITIONS = (
					"DEBUG=1",
					"$(inherited)",
				);
				GCC_SYMBOLS_PRIVATE_EXTERN = NO;
				GCC_WARN_64_TO_32_BIT_CONVERSION = YES;
				GCC_WARN_ABOUT_RETURN_TYPE = YES_ERROR;
				GCC_WARN_UNDECLARED_SELECTOR = YES;
				GCC_WARN_UNINITIALIZED_AUTOS = YES_AGGRESSIVE;
				GCC_WARN_UNUSED_FUNCTION = YES;
				GCC_WARN_UNUSED_VARIABLE = YES;
				IPHONEOS_DEPLOYMENT_TARGET = 8.1;
				MTL_ENABLE_DEBUG_INFO = YES;
				ONLY_ACTIVE_ARCH = YES;
				SDKROOT = iphoneos;
				TARGETED_DEVICE_FAMILY = "1,2";
			};
			name = Debug;
		};
		2FF673CD1AAE9B6B0030A53F /* Release */ = {
			isa = XCBuildConfiguration;
			buildSettings = {
				ALWAYS_SEARCH_USER_PATHS = NO;
				CLANG_CXX_LANGUAGE_STANDARD = "gnu++0x";
				CLANG_CXX_LIBRARY = "libc++";
				CLANG_ENABLE_MODULES = YES;
				CLANG_ENABLE_OBJC_ARC = YES;
				CLANG_WARN_BOOL_CONVERSION = YES;
				CLANG_WARN_CONSTANT_CONVERSION = YES;
				CLANG_WARN_DIRECT_OBJC_ISA_USAGE = YES_ERROR;
				CLANG_WARN_EMPTY_BODY = YES;
				CLANG_WARN_ENUM_CONVERSION = YES;
				CLANG_WARN_INT_CONVERSION = YES;
				CLANG_WARN_OBJC_ROOT_CLASS = YES_ERROR;
				CLANG_WARN_UNREACHABLE_CODE = YES;
				CLANG_WARN__DUPLICATE_METHOD_MATCH = YES;
				"CODE_SIGN_IDENTITY[sdk=iphoneos*]" = "iPhone Developer";
				COPY_PHASE_STRIP = YES;
				ENABLE_NS_ASSERTIONS = NO;
				ENABLE_STRICT_OBJC_MSGSEND = YES;
				GCC_C_LANGUAGE_STANDARD = gnu99;
				GCC_WARN_64_TO_32_BIT_CONVERSION = YES;
				GCC_WARN_ABOUT_RETURN_TYPE = YES_ERROR;
				GCC_WARN_UNDECLARED_SELECTOR = YES;
				GCC_WARN_UNINITIALIZED_AUTOS = YES_AGGRESSIVE;
				GCC_WARN_UNUSED_FUNCTION = YES;
				GCC_WARN_UNUSED_VARIABLE = YES;
				IPHONEOS_DEPLOYMENT_TARGET = 8.1;
				MTL_ENABLE_DEBUG_INFO = NO;
				SDKROOT = iphoneos;
				TARGETED_DEVICE_FAMILY = "1,2";
				VALIDATE_PRODUCT = YES;
			};
			name = Release;
		};
		2FF673CF1AAE9B6B0030A53F /* Debug */ = {
			isa = XCBuildConfiguration;
			buildSettings = {
				ASSETCATALOG_COMPILER_APPICON_NAME = AppIcon;
				INFOPLIST_FILE = AlarmClockWithWeather/Info.plist;
				LD_RUNPATH_SEARCH_PATHS = "$(inherited) @executable_path/Frameworks";
				PRODUCT_NAME = "$(TARGET_NAME)";
			};
			name = Debug;
		};
		2FF673D01AAE9B6B0030A53F /* Release */ = {
			isa = XCBuildConfiguration;
			buildSettings = {
				ASSETCATALOG_COMPILER_APPICON_NAME = AppIcon;
				INFOPLIST_FILE = AlarmClockWithWeather/Info.plist;
				LD_RUNPATH_SEARCH_PATHS = "$(inherited) @executable_path/Frameworks";
				PRODUCT_NAME = "$(TARGET_NAME)";
			};
			name = Release;
		};
		2FF673D21AAE9B6B0030A53F /* Debug */ = {
			isa = XCBuildConfiguration;
			buildSettings = {
				BUNDLE_LOADER = "$(TEST_HOST)";
				FRAMEWORK_SEARCH_PATHS = (
					"$(SDKROOT)/Developer/Library/Frameworks",
					"$(inherited)",
				);
				GCC_PREPROCESSOR_DEFINITIONS = (
					"DEBUG=1",
					"$(inherited)",
				);
				INFOPLIST_FILE = AlarmClockWithWeatherTests/Info.plist;
				LD_RUNPATH_SEARCH_PATHS = "$(inherited) @executable_path/Frameworks @loader_path/Frameworks";
				PRODUCT_NAME = "$(TARGET_NAME)";
				TEST_HOST = "$(BUILT_PRODUCTS_DIR)/AlarmClockWithWeather.app/AlarmClockWithWeather";
			};
			name = Debug;
		};
		2FF673D31AAE9B6B0030A53F /* Release */ = {
			isa = XCBuildConfiguration;
			buildSettings = {
				BUNDLE_LOADER = "$(TEST_HOST)";
				FRAMEWORK_SEARCH_PATHS = (
					"$(SDKROOT)/Developer/Library/Frameworks",
					"$(inherited)",
				);
				INFOPLIST_FILE = AlarmClockWithWeatherTests/Info.plist;
				LD_RUNPATH_SEARCH_PATHS = "$(inherited) @executable_path/Frameworks @loader_path/Frameworks";
				PRODUCT_NAME = "$(TARGET_NAME)";
				TEST_HOST = "$(BUILT_PRODUCTS_DIR)/AlarmClockWithWeather.app/AlarmClockWithWeather";
			};
			name = Release;
		};
/* End XCBuildConfiguration section */

/* Begin XCConfigurationList section */
		2FF673A31AAE9B6B0030A53F /* Build configuration list for PBXProject "AlarmClockWithWeather" */ = {
			isa = XCConfigurationList;
			buildConfigurations = (
				2FF673CC1AAE9B6B0030A53F /* Debug */,
				2FF673CD1AAE9B6B0030A53F /* Release */,
			);
			defaultConfigurationIsVisible = 0;
			defaultConfigurationName = Release;
		};
		2FF673CE1AAE9B6B0030A53F /* Build configuration list for PBXNativeTarget "AlarmClockWithWeather" */ = {
			isa = XCConfigurationList;
			buildConfigurations = (
				2FF673CF1AAE9B6B0030A53F /* Debug */,
				2FF673D01AAE9B6B0030A53F /* Release */,
			);
			defaultConfigurationIsVisible = 0;
		};
		2FF673D11AAE9B6B0030A53F /* Build configuration list for PBXNativeTarget "AlarmClockWithWeatherTests" */ = {
			isa = XCConfigurationList;
			buildConfigurations = (
				2FF673D21AAE9B6B0030A53F /* Debug */,
				2FF673D31AAE9B6B0030A53F /* Release */,
			);
			defaultConfigurationIsVisible = 0;
		};
/* End XCConfigurationList section */

/* Begin XCVersionGroup section */
		2FF673B21AAE9B6B0030A53F /* AlarmClockWithWeather.xcdatamodeld */ = {
			isa = XCVersionGroup;
			children = (
				2FF673B31AAE9B6B0030A53F /* AlarmClockWithWeather.xcdatamodel */,
			);
			currentVersion = 2FF673B31AAE9B6B0030A53F /* AlarmClockWithWeather.xcdatamodel */;
			path = AlarmClockWithWeather.xcdatamodeld;
			sourceTree = "<group>";
			versionGroupType = wrapper.xcdatamodel;
		};
/* End XCVersionGroup section */
	};
	rootObject = 2FF673A01AAE9B6B0030A53F /* Project object */;
}
